
Microsoft Visual Studio Solution File, Format Version 12.00
# Visual Studio Version 17
VisualStudioVersion = 17.6.33829.357
MinimumVisualStudioVersion = 10.0.40219.1
Project("{FAE04EC0-301F-11D3-BF4B-00C04F79EFBC}") = "DetectFollowers", "DetectFollowers\DetectFollowers.csproj", "{DB9DA800-D03D-4582-B46D-EB2A47E59E04}"
EndProject
Global
	GlobalSection(SolutionConfigurationPlatforms) = preSolution
		Debug|Any CPU = Debug|Any CPU
		Release|Any CPU = Release|Any CPU
	EndGlobalSection
	GlobalSection(ProjectConfigurationPlatforms) = postSolution
		{DB9DA800-D03D-4582-B46D-EB2A47E59E04}.Debug|Any CPU.ActiveCfg = Debug|Any CPU
		{DB9DA800-D03D-4582-B46D-EB2A47E59E04}.Debug|Any CPU.Build.0 = Debug|Any CPU
		{DB9DA800-D03D-4582-B46D-EB2A47E59E04}.Release|Any CPU.ActiveCfg = Release|Any CPU
		{DB9DA800-D03D-4582-B46D-EB2A47E59E04}.Release|Any CPU.Build.0 = Release|Any CPU
	EndGlobalSection
	GlobalSection(SolutionProperties) = preSolution
		HideSolutionNode = FALSE
	EndGlobalSection
	GlobalSection(ExtensibilityGlobals) = postSolution
		SolutionGuid = {BC0E32FB-E2E8-4ECF-AB07-ACFA1920FCBC}
	EndGlobalSection
EndGlobal
